// !$*UTF8*$!
{
	archiveVersion = 1;
	classes = {
	};
	objectVersion = 46;
	objects = {

/* Begin PBXBuildFile section */
		EF850C401F7098830029BD09 /* AppDelegate.swift in Sources */ = {isa = PBXBuildFile; fileRef = EF850C3F1F7098830029BD09 /* AppDelegate.swift */; };
		EF850C421F7098830029BD09 /* ViewController.swift in Sources */ = {isa = PBXBuildFile; fileRef = EF850C411F7098830029BD09 /* ViewController.swift */; };
		EF850C451F7098830029BD09 /* Main.storyboard in Resources */ = {isa = PBXBuildFile; fileRef = EF850C431F7098830029BD09 /* Main.storyboard */; };
		EF850C471F7098830029BD09 /* Assets.xcassets in Resources */ = {isa = PBXBuildFile; fileRef = EF850C461F7098830029BD09 /* Assets.xcassets */; };
		EF850C4A1F7098830029BD09 /* LaunchScreen.storyboard in Resources */ = {isa = PBXBuildFile; fileRef = EF850C481F7098830029BD09 /* LaunchScreen.storyboard */; };
		EFDED8921F709C1300C7567C /* Card.swift in Sources */ = {isa = PBXBuildFile; fileRef = EFDED8911F709C1300C7567C /* Card.swift */; };
		EFDED8941F709C7A00C7567C /* CardModel.swift in Sources */ = {isa = PBXBuildFile; fileRef = EFDED8931F709C7A00C7567C /* CardModel.swift */; };
/* End PBXBuildFile section */

/* Begin PBXFileReference section */
		EF850C3C1F7098830029BD09 /* Match.app */ = {isa = PBXFileReference; explicitFileType = wrapper.application; includeInIndex = 0; path = Match.app; sourceTree = BUILT_PRODUCTS_DIR; };
		EF850C3F1F7098830029BD09 /* AppDelegate.swift */ = {isa = PBXFileReference; lastKnownFileType = sourcecode.swift; path = AppDelegate.swift; sourceTree = "<group>"; };
		EF850C411F7098830029BD09 /* ViewController.swift */ = {isa = PBXFileReference; lastKnownFileType = sourcecode.swift; path = ViewController.swift; sourceTree = "<group>"; };
		EF850C441F7098830029BD09 /* Base */ = {isa = PBXFileReference; lastKnownFileType = file.storyboard; name = Base; path = Base.lproj/Main.storyboard; sourceTree = "<group>"; };
		EF850C461F7098830029BD09 /* Assets.xcassets */ = {isa = PBXFileReference; lastKnownFileType = folder.assetcatalog; path = Assets.xcassets; sourceTree = "<group>"; };
		EF850C491F7098830029BD09 /* Base */ = {isa = PBXFileReference; lastKnownFileType = file.storyboard; name = Base; path = Base.lproj/LaunchScreen.storyboard; sourceTree = "<group>"; };
		EF850C4B1F7098830029BD09 /* Info.plist */ = {isa = PBXFileReference; lastKnownFileType = text.plist.xml; path = Info.plist; sourceTree = "<group>"; };
		EFDED8911F709C1300C7567C /* Card.swift */ = {isa = PBXFileReference; fileEncoding = 4; lastKnownFileType = sourcecode.swift; path = Card.swift; sourceTree = "<group>"; };
		EFDED8931F709C7A00C7567C /* CardModel.swift */ = {isa = PBXFileReference; fileEncoding = 4; lastKnownFileType = sourcecode.swift; path = CardModel.swift; sourceTree = "<group>"; };
/* End PBXFileReference section */

/* Begin PBXFrameworksBuildPhase section */
		EF850C391F7098830029BD09 /* Frameworks */ = {
			isa = PBXFrameworksBuildPhase;
			buildActionMask = 2147483647;
			files = (
			);
			runOnlyForDeploymentPostprocessing = 0;
		};
/* End PBXFrameworksBuildPhase section */

/* Begin PBXGroup section */
		EF850C331F7098830029BD09 = {
			isa = PBXGroup;
			children = (
				EF850C3E1F7098830029BD09 /* Match */,
				EF850C3D1F7098830029BD09 /* Products */,
			);
			sourceTree = "<group>";
		};
		EF850C3D1F7098830029BD09 /* Products */ = {
			isa = PBXGroup;
			children = (
				EF850C3C1F7098830029BD09 /* Match.app */,
			);
			name = Products;
			sourceTree = "<group>";
		};
		EF850C3E1F7098830029BD09 /* Match */ = {
			isa = PBXGroup;
			children = (
				EF850C3F1F7098830029BD09 /* AppDelegate.swift */,
				EF850C411F7098830029BD09 /* ViewController.swift */,
				EFDED8911F709C1300C7567C /* Card.swift */,
				EFDED8931F709C7A00C7567C /* CardModel.swift */,
				EF850C431F7098830029BD09 /* Main.storyboard */,
				EF850C461F7098830029BD09 /* Assets.xcassets */,
				EF850C481F7098830029BD09 /* LaunchScreen.storyboard */,
				EF850C4B1F7098830029BD09 /* Info.plist */,
			);
			path = Match;
			sourceTree = "<group>";
		};
/* End PBXGroup section */

/* Begin PBXNativeTarget section */
		EF850C3B1F7098830029BD09 /* Match */ = {
			isa = PBXNativeTarget;
			buildConfigurationList = EF850C4E1F7098830029BD09 /* Build configuration list for PBXNativeTarget "Match" */;
			buildPhases = (
				EF850C381F7098830029BD09 /* Sources */,
				EF850C391F7098830029BD09 /* Frameworks */,
				EF850C3A1F7098830029BD09 /* Resources */,
			);
			buildRules = (
			);
			dependencies = (
			);
			name = Match;
			productName = Match;
			productReference = EF850C3C1F7098830029BD09 /* Match.app */;
			productType = "com.apple.product-type.application";
		};
/* End PBXNativeTarget section */

/* Begin PBXProject section */
		EF850C341F7098830029BD09 /* Project object */ = {
			isa = PBXProject;
			attributes = {
				LastSwiftUpdateCheck = 0830;
				LastUpgradeCheck = 0830;
				ORGANIZATIONNAME = "Northeastern University";
				TargetAttributes = {
					EF850C3B1F7098830029BD09 = {
						CreatedOnToolsVersion = 8.3.3;
						DevelopmentTeam = G4W66UWTHA;
						ProvisioningStyle = Automatic;
					};
				};
			};
			buildConfigurationList = EF850C371F7098830029BD09 /* Build configuration list for PBXProject "Match" */;
			compatibilityVersion = "Xcode 3.2";
			developmentRegion = English;
			hasScannedForEncodings = 0;
			knownRegions = (
				en,
				Base,
			);
			mainGroup = EF850C331F7098830029BD09;
			productRefGroup = EF850C3D1F7098830029BD09 /* Products */;
			projectDirPath = "";
			projectRoot = "";
			targets = (
				EF850C3B1F7098830029BD09 /* Match */,
			);
		};
/* End PBXProject section */

/* Begin PBXResourcesBuildPhase section */
		EF850C3A1F7098830029BD09 /* Resources */ = {
			isa = PBXResourcesBuildPhase;
			buildActionMask = 2147483647;
			files = (
				EF850C4A1F7098830029BD09 /* LaunchScreen.storyboard in Resources */,
				EF850C471F7098830029BD09 /* Assets.xcassets in Resources */,
				EF850C451F7098830029BD09 /* Main.storyboard in Resources */,
			);
			runOnlyForDeploymentPostprocessing = 0;
		};
/* End PBXResourcesBuildPhase section */

/* Begin PBXSourcesBuildPhase section */
		EF850C381F7098830029BD09 /* Sources */ = {
			isa = PBXSourcesBuildPhase;
			buildActionMask = 2147483647;
			files = (
				EF850C421F7098830029BD09 /* ViewController.swift in Sources */,
				EFDED8941F709C7A00C7567C /* CardModel.swift in Sources */,
				EFDED8921F709C1300C7567C /* Card.swift in Sources */,
				EF850C401F7098830029BD09 /* AppDelegate.swift in Sources */,
			);
			runOnlyForDeploymentPostprocessing = 0;
		};
/* End PBXSourcesBuildPhase section */

/* Begin PBXVariantGroup section */
		EF850C431F7098830029BD09 /* Main.storyboard */ = {
			isa = PBXVariantGroup;
			children = (
				EF850C441F7098830029BD09 /* Base */,
			);
			name = Main.storyboard;
			sourceTree = "<group>";
		};
		EF850C481F7098830029BD09 /* LaunchScreen.storyboard */ = {
			isa = PBXVariantGroup;
			children = (
				EF850C491F7098830029BD09 /* Base */,
			);
			name = LaunchScreen.storyboard;
			sourceTree = "<group>";
		};
/* End PBXVariantGroup section */

/* Begin XCBuildConfiguration section */
		EF850C4C1F7098830029BD09 /* Debug */ = {
			isa = XCBuildConfiguration;
			buildSettings = {
				ALWAYS_SEARCH_USER_PATHS = NO;
				CLANG_ANALYZER_NONNULL = YES;
				CLANG_ANALYZER_NUMBER_OBJECT_CONVERSION = YES_AGGRESSIVE;
				CLANG_CXX_LANGUAGE_STANDARD = "gnu++0x";
				CLANG_CXX_LIBRARY = "libc++";
				CLANG_ENABLE_MODULES = YES;
				CLANG_ENABLE_OBJC_ARC = YES;
				CLANG_WARN_BOOL_CONVERSION = YES;
				CLANG_WARN_CONSTANT_CONVERSION = YES;
				CLANG_WARN_DIRECT_OBJC_ISA_USAGE = YES_ERROR;
				CLANG_WARN_DOCUMENTATION_COMMENTS = YES;
				CLANG_WARN_EMPTY_BODY = YES;
				CLANG_WARN_ENUM_CONVERSION = YES;
				CLANG_WARN_INFINITE_RECURSION = YES;
				CLANG_WARN_INT_CONVERSION = YES;
				CLANG_WARN_OBJC_ROOT_CLASS = YES_ERROR;
				CLANG_WARN_SUSPICIOUS_MOVE = YES;
				CLANG_WARN_UNREACHABLE_CODE = YES;
				CLANG_WARN__DUPLICATE_METHOD_MATCH = YES;
				"CODE_SIGN_IDENTITY[sdk=iphoneos*]" = "iPhone Developer";
				COPY_PHASE_STRIP = NO;
				DEBUG_INFORMATION_FORMAT = dwarf;
				ENABLE_STRICT_OBJC_MSGSEND = YES;
				ENABLE_TESTABILITY = YES;
				GCC_C_LANGUAGE_STANDARD = gnu99;
				GCC_DYNAMIC_NO_PIC = NO;
				GCC_NO_COMMON_BLOCKS = YES;
				GCC_OPTIMIZATION_LEVEL = 0;
				GCC_PREPROCESSOR_DEFINITIONS = (
					"DEBUG=1",
					"$(inherited)",
				);
				GCC_WARN_64_TO_32_BIT_CONVERSION = YES;
				GCC_WARN_ABOUT_RETURN_TYPE = YES_ERROR;
				GCC_WARN_UNDECLARED_SELECTOR = YES;
				GCC_WARN_UNINITIALIZED_AUTOS = YES_AGGRESSIVE;
				GCC_WARN_UNUSED_FUNCTION = YES;
				GCC_WARN_UNUSED_VARIABLE = YES;
				IPHONEOS_DEPLOYMENT_TARGET = 10.3;
				MTL_ENABLE_DEBUG_INFO = YES;
				ONLY_ACTIVE_ARCH = YES;
				SDKROOT = iphoneos;
				SWIFT_ACTIVE_COMPILATION_CONDITIONS = DEBUG;
				SWIFT_OPTIMIZATION_LEVEL = "-Onone";
			};
			name = Debug;
		};
		EF850C4D1F7098830029BD09 /* Release */ = {
			isa = XCBuildConfiguration;
			buildSettings = {
				ALWAYS_SEARCH_USER_PATHS = NO;
				CLANG_ANALYZER_NONNULL = YES;
				CLANG_ANALYZER_NUMBER_OBJECT_CONVERSION = YES_AGGRESSIVE;
				CLANG_CXX_LANGUAGE_STANDARD = "gnu++0x";
				CLANG_CXX_LIBRARY = "libc++";
				CLANG_ENABLE_MODULES = YES;
				CLANG_ENABLE_OBJC_ARC = YES;
				CLANG_WARN_BOOL_CONVERSION = YES;
				CLANG_WARN_CONSTANT_CONVERSION = YES;
				CLANG_WARN_DIRECT_OBJC_ISA_USAGE = YES_ERROR;
				CLANG_WARN_DOCUMENTATION_COMMENTS = YES;
				CLANG_WARN_EMPTY_BODY = YES;
				CLANG_WARN_ENUM_CONVERSION = YES;
				CLANG_WARN_INFINITE_RECURSION = YES;
				CLANG_WARN_INT_CONVERSION = YES;
				CLANG_WARN_OBJC_ROOT_CLASS = YES_ERROR;
				CLANG_WARN_SUSPICIOUS_MOVE = YES;
				CLANG_WARN_UNREACHABLE_CODE = YES;
				CLANG_WARN__DUPLICATE_METHOD_MATCH = YES;
				"CODE_SIGN_IDENTITY[sdk=iphoneos*]" = "iPhone Developer";
				COPY_PHASE_STRIP = NO;
				DEBUG_INFORMATION_FORMAT = "dwarf-with-dsym";
				ENABLE_NS_ASSERTIONS = NO;
				ENABLE_STRICT_OBJC_MSGSEND = YES;
				GCC_C_LANGUAGE_STANDARD = gnu99;
				GCC_NO_COMMON_BLOCKS = YES;
				GCC_WARN_64_TO_32_BIT_CONVERSION = YES;
				GCC_WARN_ABOUT_RETURN_TYPE = YES_ERROR;
				GCC_WARN_UNDECLARED_SELECTOR = YES;
				GCC_WARN_UNINITIALIZED_AUTOS = YES_AGGRESSIVE;
				GCC_WARN_UNUSED_FUNCTION = YES;
				GCC_WARN_UNUSED_VARIABLE = YES;
				IPHONEOS_DEPLOYMENT_TARGET = 10.3;
				MTL_ENABLE_DEBUG_INFO = NO;
				SDKROOT = iphoneos;
				SWIFT_OPTIMIZATION_LEVEL = "-Owholemodule";
				VALIDATE_PRODUCT = YES;
			};
			name = Release;
		};
		EF850C4F1F7098830029BD09 /* Debug */ = {
			isa = XCBuildConfiguration;
			buildSettings = {
				ASSETCATALOG_COMPILER_APPICON_NAME = AppIcon;
				DEVELOPMENT_TEAM = G4W66UWTHA;
				INFOPLIST_FILE = Match/Info.plist;
				LD_RUNPATH_SEARCH_PATHS = "$(inherited) @executable_path/Frameworks";
				PRODUCT_BUNDLE_IDENTIFIER = edu.northeastern.GHZhou.Match;
				PRODUCT_NAME = "$(TARGET_NAME)";
				SWIFT_VERSION = 3.0;
			};
			name = Debug;
		};
		EF850C501F7098830029BD09 /* Release */ = {
			isa = XCBuildConfiguration;
			buildSettings = {
				ASSETCATALOG_COMPILER_APPICON_NAME = AppIcon;
				DEVELOPMENT_TEAM = G4W66UWTHA;
				INFOPLIST_FILE = Match/Info.plist;
				LD_RUNPATH_SEARCH_PATHS = "$(inherited) @executable_path/Frameworks";
				PRODUCT_BUNDLE_IDENTIFIER = edu.northeastern.GHZhou.Match;
				PRODUCT_NAME = "$(TARGET_NAME)";
				SWIFT_VERSION = 3.0;
			};
			name = Release;
		};
/* End XCBuildConfiguration section */

/* Begin XCConfigurationList section */
		EF850C371F7098830029BD09 /* Build configuration list for PBXProject "Match" */ = {
			isa = XCConfigurationList;
			buildConfigurations = (
				EF850C4C1F7098830029BD09 /* Debug */,
				EF850C4D1F7098830029BD09 /* Release */,
			);
			defaultConfigurationIsVisible = 0;
			defaultConfigurationName = Release;
		};
		EF850C4E1F7098830029BD09 /* Build configuration list for PBXNativeTarget "Match" */ = {
			isa = XCConfigurationList;
			buildConfigurations = (
				EF850C4F1F7098830029BD09 /* Debug */,
				EF850C501F7098830029BD09 /* Release */,
			);
			defaultConfigurationIsVisible = 0;
			defaultConfigurationName = Release;
		};
/* End XCConfigurationList section */
	};
	rootObject = EF850C341F7098830029BD09 /* Project object */;
}
